
Microsoft Visual Studio Solution File, Format Version 12.00
Project("{FAE04EC0-301F-11D3-BF4B-00C04F79EFBC}") = "Aoc25.Day1", "Aoc25.Day1\Aoc25.Day1.csproj", "{C9329CE8-4B46-42E4-80C0-840D0D8237AF}"
EndProject
Project("{FAE04EC0-301F-11D3-BF4B-00C04F79EFBC}") = "Aoc25.Common", "Aoc25.Common\Aoc25.Common.csproj", "{075054EF-AEB2-442C-BC81-DCD6999D4C87}"
EndProject
Project("{FAE04EC0-301F-11D3-BF4B-00C04F79EFBC}") = "Aoc25.Day2", "Aoc25.Day2\Aoc25.Day2.csproj", "{DF8953BE-37A2-4248-A526-32E5606FFBCA}"
EndProject
Project("{FAE04EC0-301F-11D3-BF4B-00C04F79EFBC}") = "Aoc25.Day3", "Aoc25.Day3\Aoc25.Day3.csproj", "{F36C09AD-061D-4CCA-8D00-F606FC16AD83}"
EndProject
Project("{FAE04EC0-301F-11D3-BF4B-00C04F79EFBC}") = "Aoc25.Day4", "Aoc25.Day4\Aoc25.Day4.csproj", "{931E6853-8914-476F-9382-CCF7F446EED9}"
EndProject
Global
	GlobalSection(SolutionConfigurationPlatforms) = preSolution
		Debug|Any CPU = Debug|Any CPU
		Release|Any CPU = Release|Any CPU
	EndGlobalSection
	GlobalSection(ProjectConfigurationPlatforms) = postSolution
		{C9329CE8-4B46-42E4-80C0-840D0D8237AF}.Debug|Any CPU.ActiveCfg = Debug|Any CPU
		{C9329CE8-4B46-42E4-80C0-840D0D8237AF}.Debug|Any CPU.Build.0 = Debug|Any CPU
		{C9329CE8-4B46-42E4-80C0-840D0D8237AF}.Release|Any CPU.ActiveCfg = Release|Any CPU
		{C9329CE8-4B46-42E4-80C0-840D0D8237AF}.Release|Any CPU.Build.0 = Release|Any CPU
		{075054EF-AEB2-442C-BC81-DCD6999D4C87}.Debug|Any CPU.ActiveCfg = Debug|Any CPU
		{075054EF-AEB2-442C-BC81-DCD6999D4C87}.Debug|Any CPU.Build.0 = Debug|Any CPU
		{075054EF-AEB2-442C-BC81-DCD6999D4C87}.Release|Any CPU.ActiveCfg = Release|Any CPU
		{075054EF-AEB2-442C-BC81-DCD6999D4C87}.Release|Any CPU.Build.0 = Release|Any CPU
		{DF8953BE-37A2-4248-A526-32E5606FFBCA}.Debug|Any CPU.ActiveCfg = Debug|Any CPU
		{DF8953BE-37A2-4248-A526-32E5606FFBCA}.Debug|Any CPU.Build.0 = Debug|Any CPU
		{DF8953BE-37A2-4248-A526-32E5606FFBCA}.Release|Any CPU.ActiveCfg = Release|Any CPU
		{DF8953BE-37A2-4248-A526-32E5606FFBCA}.Release|Any CPU.Build.0 = Release|Any CPU
		{F36C09AD-061D-4CCA-8D00-F606FC16AD83}.Debug|Any CPU.ActiveCfg = Debug|Any CPU
		{F36C09AD-061D-4CCA-8D00-F606FC16AD83}.Debug|Any CPU.Build.0 = Debug|Any CPU
		{F36C09AD-061D-4CCA-8D00-F606FC16AD83}.Release|Any CPU.ActiveCfg = Release|Any CPU
		{F36C09AD-061D-4CCA-8D00-F606FC16AD83}.Release|Any CPU.Build.0 = Release|Any CPU
		{931E6853-8914-476F-9382-CCF7F446EED9}.Debug|Any CPU.ActiveCfg = Debug|Any CPU
		{931E6853-8914-476F-9382-CCF7F446EED9}.Debug|Any CPU.Build.0 = Debug|Any CPU
		{931E6853-8914-476F-9382-CCF7F446EED9}.Release|Any CPU.ActiveCfg = Release|Any CPU
		{931E6853-8914-476F-9382-CCF7F446EED9}.Release|Any CPU.Build.0 = Release|Any CPU
	EndGlobalSection
EndGlobal
